// !$*UTF8*$!
{
	archiveVersion = 1;
	classes = {
	};
	objectVersion = 50;
	objects = {

/* Begin PBXBuildFile section */
		0455C643219B902100264F9C /* MoodDetailedViewController.swift in Sources */ = {isa = PBXBuildFile; fileRef = 0455C642219B902100264F9C /* MoodDetailedViewController.swift */; };
		04B8116221B746DF0014DE8F /* Interface.storyboard in Resources */ = {isa = PBXBuildFile; fileRef = 04B8116021B746DF0014DE8F /* Interface.storyboard */; };
		04B8116421B746E00014DE8F /* Assets.xcassets in Resources */ = {isa = PBXBuildFile; fileRef = 04B8116321B746E00014DE8F /* Assets.xcassets */; };
		04B8116B21B746E00014DE8F /* WatchMoodTracker Extension.appex in Embed App Extensions */ = {isa = PBXBuildFile; fileRef = 04B8116A21B746E00014DE8F /* WatchMoodTracker Extension.appex */; settings = {ATTRIBUTES = (RemoveHeadersOnCopy, ); }; };
		04B8117021B746E00014DE8F /* InterfaceController.swift in Sources */ = {isa = PBXBuildFile; fileRef = 04B8116F21B746E00014DE8F /* InterfaceController.swift */; };
		04B8117221B746E00014DE8F /* ExtensionDelegate.swift in Sources */ = {isa = PBXBuildFile; fileRef = 04B8117121B746E00014DE8F /* ExtensionDelegate.swift */; };
		04B8117421B746E10014DE8F /* Assets.xcassets in Resources */ = {isa = PBXBuildFile; fileRef = 04B8117321B746E10014DE8F /* Assets.xcassets */; };
		04B8117821B746E10014DE8F /* WatchMoodTracker.app in Embed Watch Content */ = {isa = PBXBuildFile; fileRef = 04B8115E21B746DF0014DE8F /* WatchMoodTracker.app */; };
		04B8118221B74BB00014DE8F /* MoodRow.swift in Sources */ = {isa = PBXBuildFile; fileRef = 04B8118121B74BB00014DE8F /* MoodRow.swift */; };
		04B8118521B9D18C0014DE8F /* MoodEntry.swift in Sources */ = {isa = PBXBuildFile; fileRef = 04CA51C82194EF6400D1144D /* MoodEntry.swift */; };
		04CA51B42194EEF100D1144D /* AppDelegate.swift in Sources */ = {isa = PBXBuildFile; fileRef = 04CA51B32194EEF100D1144D /* AppDelegate.swift */; };
		04CA51B62194EEF100D1144D /* ViewController.swift in Sources */ = {isa = PBXBuildFile; fileRef = 04CA51B52194EEF100D1144D /* ViewController.swift */; };
		04CA51B92194EEF100D1144D /* Main.storyboard in Resources */ = {isa = PBXBuildFile; fileRef = 04CA51B72194EEF100D1144D /* Main.storyboard */; };
		04CA51BB2194EEF200D1144D /* Assets.xcassets in Resources */ = {isa = PBXBuildFile; fileRef = 04CA51BA2194EEF200D1144D /* Assets.xcassets */; };
		04CA51BE2194EEF200D1144D /* LaunchScreen.storyboard in Resources */ = {isa = PBXBuildFile; fileRef = 04CA51BC2194EEF200D1144D /* LaunchScreen.storyboard */; };
		04CA51C92194EF6400D1144D /* MoodEntry.swift in Sources */ = {isa = PBXBuildFile; fileRef = 04CA51C82194EF6400D1144D /* MoodEntry.swift */; };
		04CA51CB2194FB6000D1144D /* MoodEntryTableViewCell.swift in Sources */ = {isa = PBXBuildFile; fileRef = 04CA51CA2194FB6000D1144D /* MoodEntryTableViewCell.swift */; };
		04DDE01321AE335100D43B1A /* CalendarViewController.swift in Sources */ = {isa = PBXBuildFile; fileRef = 04DDE01221AE335100D43B1A /* CalendarViewController.swift */; };
		04DDE01621AE3CDA00D43B1A /* Date+String.swift in Sources */ = {isa = PBXBuildFile; fileRef = 04DDE01521AE3CDA00D43B1A /* Date+String.swift */; };
/* End PBXBuildFile section */

/* Begin PBXContainerItemProxy section */
		04B8116C21B746E00014DE8F /* PBXContainerItemProxy */ = {
			isa = PBXContainerItemProxy;
			containerPortal = 04CA51A82194EEF100D1144D /* Project object */;
			proxyType = 1;
			remoteGlobalIDString = 04B8116921B746E00014DE8F;
			remoteInfo = "WatchMoodTracker Extension";
		};
		04B8117621B746E10014DE8F /* PBXContainerItemProxy */ = {
			isa = PBXContainerItemProxy;
			containerPortal = 04CA51A82194EEF100D1144D /* Project object */;
			proxyType = 1;
			remoteGlobalIDString = 04B8115D21B746DF0014DE8F;
			remoteInfo = WatchMoodTracker;
		};
/* End PBXContainerItemProxy section */

/* Begin PBXCopyFilesBuildPhase section */
		04B8117E21B746E10014DE8F /* Embed App Extensions */ = {
			isa = PBXCopyFilesBuildPhase;
			buildActionMask = 2147483647;
			dstPath = "";
			dstSubfolderSpec = 13;
			files = (
				04B8116B21B746E00014DE8F /* WatchMoodTracker Extension.appex in Embed App Extensions */,
			);
			name = "Embed App Extensions";
			runOnlyForDeploymentPostprocessing = 0;
		};
		04B8118021B746E10014DE8F /* Embed Watch Content */ = {
			isa = PBXCopyFilesBuildPhase;
			buildActionMask = 2147483647;
			dstPath = "$(CONTENTS_FOLDER_PATH)/Watch";
			dstSubfolderSpec = 16;
			files = (
				04B8117821B746E10014DE8F /* WatchMoodTracker.app in Embed Watch Content */,
			);
			name = "Embed Watch Content";
			runOnlyForDeploymentPostprocessing = 0;
		};
/* End PBXCopyFilesBuildPhase section */

/* Begin PBXFileReference section */
		0455C642219B902100264F9C /* MoodDetailedViewController.swift */ = {isa = PBXFileReference; lastKnownFileType = sourcecode.swift; path = MoodDetailedViewController.swift; sourceTree = "<group>"; };
		04B8115E21B746DF0014DE8F /* WatchMoodTracker.app */ = {isa = PBXFileReference; explicitFileType = wrapper.application; includeInIndex = 0; path = WatchMoodTracker.app; sourceTree = BUILT_PRODUCTS_DIR; };
		04B8116121B746DF0014DE8F /* Base */ = {isa = PBXFileReference; lastKnownFileType = file.storyboard; name = Base; path = Base.lproj/Interface.storyboard; sourceTree = "<group>"; };
		04B8116321B746E00014DE8F /* Assets.xcassets */ = {isa = PBXFileReference; lastKnownFileType = folder.assetcatalog; path = Assets.xcassets; sourceTree = "<group>"; };
		04B8116521B746E00014DE8F /* Info.plist */ = {isa = PBXFileReference; lastKnownFileType = text.plist.xml; path = Info.plist; sourceTree = "<group>"; };
		04B8116A21B746E00014DE8F /* WatchMoodTracker Extension.appex */ = {isa = PBXFileReference; explicitFileType = "wrapper.app-extension"; includeInIndex = 0; path = "WatchMoodTracker Extension.appex"; sourceTree = BUILT_PRODUCTS_DIR; };
		04B8116F21B746E00014DE8F /* InterfaceController.swift */ = {isa = PBXFileReference; lastKnownFileType = sourcecode.swift; path = InterfaceController.swift; sourceTree = "<group>"; };
		04B8117121B746E00014DE8F /* ExtensionDelegate.swift */ = {isa = PBXFileReference; lastKnownFileType = sourcecode.swift; path = ExtensionDelegate.swift; sourceTree = "<group>"; };
		04B8117321B746E10014DE8F /* Assets.xcassets */ = {isa = PBXFileReference; lastKnownFileType = folder.assetcatalog; path = Assets.xcassets; sourceTree = "<group>"; };
		04B8117521B746E10014DE8F /* Info.plist */ = {isa = PBXFileReference; lastKnownFileType = text.plist.xml; path = Info.plist; sourceTree = "<group>"; };
		04B8118121B74BB00014DE8F /* MoodRow.swift */ = {isa = PBXFileReference; lastKnownFileType = sourcecode.swift; path = MoodRow.swift; sourceTree = "<group>"; };
		04CA51B02194EEF100D1144D /* moodTracker.app */ = {isa = PBXFileReference; explicitFileType = wrapper.application; includeInIndex = 0; path = moodTracker.app; sourceTree = BUILT_PRODUCTS_DIR; };
		04CA51B32194EEF100D1144D /* AppDelegate.swift */ = {isa = PBXFileReference; lastKnownFileType = sourcecode.swift; path = AppDelegate.swift; sourceTree = "<group>"; };
		04CA51B52194EEF100D1144D /* ViewController.swift */ = {isa = PBXFileReference; lastKnownFileType = sourcecode.swift; path = ViewController.swift; sourceTree = "<group>"; };
		04CA51B82194EEF100D1144D /* Base */ = {isa = PBXFileReference; lastKnownFileType = file.storyboard; name = Base; path = Base.lproj/Main.storyboard; sourceTree = "<group>"; };
		04CA51BA2194EEF200D1144D /* Assets.xcassets */ = {isa = PBXFileReference; lastKnownFileType = folder.assetcatalog; path = Assets.xcassets; sourceTree = "<group>"; };
		04CA51BD2194EEF200D1144D /* Base */ = {isa = PBXFileReference; lastKnownFileType = file.storyboard; name = Base; path = Base.lproj/LaunchScreen.storyboard; sourceTree = "<group>"; };
		04CA51BF2194EEF200D1144D /* Info.plist */ = {isa = PBXFileReference; lastKnownFileType = text.plist.xml; path = Info.plist; sourceTree = "<group>"; };
		04CA51C82194EF6400D1144D /* MoodEntry.swift */ = {isa = PBXFileReference; lastKnownFileType = sourcecode.swift; path = MoodEntry.swift; sourceTree = "<group>"; };
		04CA51CA2194FB6000D1144D /* MoodEntryTableViewCell.swift */ = {isa = PBXFileReference; lastKnownFileType = sourcecode.swift; path = MoodEntryTableViewCell.swift; sourceTree = "<group>"; };
		04DDE01221AE335100D43B1A /* CalendarViewController.swift */ = {isa = PBXFileReference; lastKnownFileType = sourcecode.swift; path = CalendarViewController.swift; sourceTree = "<group>"; };
		04DDE01521AE3CDA00D43B1A /* Date+String.swift */ = {isa = PBXFileReference; lastKnownFileType = sourcecode.swift; path = "Date+String.swift"; sourceTree = "<group>"; };
/* End PBXFileReference section */

/* Begin PBXFrameworksBuildPhase section */
		04B8116721B746E00014DE8F /* Frameworks */ = {
			isa = PBXFrameworksBuildPhase;
			buildActionMask = 2147483647;
			files = (
			);
			runOnlyForDeploymentPostprocessing = 0;
		};
		04CA51AD2194EEF100D1144D /* Frameworks */ = {
			isa = PBXFrameworksBuildPhase;
			buildActionMask = 2147483647;
			files = (
			);
			runOnlyForDeploymentPostprocessing = 0;
		};
/* End PBXFrameworksBuildPhase section */

/* Begin PBXGroup section */
		04B8115F21B746DF0014DE8F /* WatchMoodTracker */ = {
			isa = PBXGroup;
			children = (
				04B8116021B746DF0014DE8F /* Interface.storyboard */,
				04B8118121B74BB00014DE8F /* MoodRow.swift */,
				04B8116321B746E00014DE8F /* Assets.xcassets */,
				04B8116521B746E00014DE8F /* Info.plist */,
			);
			path = WatchMoodTracker;
			sourceTree = "<group>";
		};
		04B8116E21B746E00014DE8F /* WatchMoodTracker Extension */ = {
			isa = PBXGroup;
			children = (
				04B8116F21B746E00014DE8F /* InterfaceController.swift */,
				04B8117121B746E00014DE8F /* ExtensionDelegate.swift */,
				04B8117321B746E10014DE8F /* Assets.xcassets */,
				04B8117521B746E10014DE8F /* Info.plist */,
			);
			path = "WatchMoodTracker Extension";
			sourceTree = "<group>";
		};
		04CA51A72194EEF100D1144D = {
			isa = PBXGroup;
			children = (
				04CA51B22194EEF100D1144D /* moodTracker */,
				04B8115F21B746DF0014DE8F /* WatchMoodTracker */,
				04B8116E21B746E00014DE8F /* WatchMoodTracker Extension */,
				04CA51B12194EEF100D1144D /* Products */,
			);
			sourceTree = "<group>";
		};
		04CA51B12194EEF100D1144D /* Products */ = {
			isa = PBXGroup;
			children = (
				04CA51B02194EEF100D1144D /* moodTracker.app */,
				04B8115E21B746DF0014DE8F /* WatchMoodTracker.app */,
				04B8116A21B746E00014DE8F /* WatchMoodTracker Extension.appex */,
			);
			name = Products;
			sourceTree = "<group>";
		};
		04CA51B22194EEF100D1144D /* moodTracker */ = {
			isa = PBXGroup;
			children = (
				04CA51B32194EEF100D1144D /* AppDelegate.swift */,
				04CA51C72194EF3B00D1144D /* models */,
				04DDE01421AE3CC500D43B1A /* Extensions */,
				04CA51C52194EF0D00D1144D /* controllers */,
				04CA51C62194EF1800D1144D /* storyboards */,
				04CA51BA2194EEF200D1144D /* Assets.xcassets */,
				04CA51BF2194EEF200D1144D /* Info.plist */,
			);
			path = moodTracker;
			sourceTree = "<group>";
		};
		04CA51C52194EF0D00D1144D /* controllers */ = {
			isa = PBXGroup;
			children = (
				04CA51B52194EEF100D1144D /* ViewController.swift */,
				04CA51CA2194FB6000D1144D /* MoodEntryTableViewCell.swift */,
				0455C642219B902100264F9C /* MoodDetailedViewController.swift */,
				04DDE01221AE335100D43B1A /* CalendarViewController.swift */,
			);
			path = controllers;
			sourceTree = "<group>";
		};
		04CA51C62194EF1800D1144D /* storyboards */ = {
			isa = PBXGroup;
			children = (
				04CA51BC2194EEF200D1144D /* LaunchScreen.storyboard */,
				04CA51B72194EEF100D1144D /* Main.storyboard */,
			);
			path = storyboards;
			sourceTree = "<group>";
		};
		04CA51C72194EF3B00D1144D /* models */ = {
			isa = PBXGroup;
			children = (
				04CA51C82194EF6400D1144D /* MoodEntry.swift */,
			);
			path = models;
			sourceTree = "<group>";
		};
		04DDE01421AE3CC500D43B1A /* Extensions */ = {
			isa = PBXGroup;
			children = (
				04DDE01521AE3CDA00D43B1A /* Date+String.swift */,
			);
			path = Extensions;
			sourceTree = "<group>";
		};
/* End PBXGroup section */

/* Begin PBXNativeTarget section */
		04B8115D21B746DF0014DE8F /* WatchMoodTracker */ = {
			isa = PBXNativeTarget;
			buildConfigurationList = 04B8117F21B746E10014DE8F /* Build configuration list for PBXNativeTarget "WatchMoodTracker" */;
			buildPhases = (
				04B8115C21B746DF0014DE8F /* Resources */,
				04B8117E21B746E10014DE8F /* Embed App Extensions */,
			);
			buildRules = (
			);
			dependencies = (
				04B8116D21B746E00014DE8F /* PBXTargetDependency */,
			);
			name = WatchMoodTracker;
			productName = WatchMoodTracker;
			productReference = 04B8115E21B746DF0014DE8F /* WatchMoodTracker.app */;
			productType = "com.apple.product-type.application.watchapp2";
		};
		04B8116921B746E00014DE8F /* WatchMoodTracker Extension */ = {
			isa = PBXNativeTarget;
			buildConfigurationList = 04B8117D21B746E10014DE8F /* Build configuration list for PBXNativeTarget "WatchMoodTracker Extension" */;
			buildPhases = (
				04B8116621B746E00014DE8F /* Sources */,
				04B8116721B746E00014DE8F /* Frameworks */,
				04B8116821B746E00014DE8F /* Resources */,
			);
			buildRules = (
			);
			dependencies = (
			);
			name = "WatchMoodTracker Extension";
			productName = "WatchMoodTracker Extension";
			productReference = 04B8116A21B746E00014DE8F /* WatchMoodTracker Extension.appex */;
			productType = "com.apple.product-type.watchkit2-extension";
		};
		04CA51AF2194EEF100D1144D /* moodTracker */ = {
			isa = PBXNativeTarget;
			buildConfigurationList = 04CA51C22194EEF200D1144D /* Build configuration list for PBXNativeTarget "moodTracker" */;
			buildPhases = (
				04CA51AC2194EEF100D1144D /* Sources */,
				04CA51AD2194EEF100D1144D /* Frameworks */,
				04CA51AE2194EEF100D1144D /* Resources */,
				04B8118021B746E10014DE8F /* Embed Watch Content */,
			);
			buildRules = (
			);
			dependencies = (
				04B8117721B746E10014DE8F /* PBXTargetDependency */,
			);
			name = moodTracker;
			productName = moodTracker;
			productReference = 04CA51B02194EEF100D1144D /* moodTracker.app */;
			productType = "com.apple.product-type.application";
		};
/* End PBXNativeTarget section */

/* Begin PBXProject section */
		04CA51A82194EEF100D1144D /* Project object */ = {
			isa = PBXProject;
			attributes = {
				LastSwiftUpdateCheck = 1000;
				LastUpgradeCheck = 1000;
				ORGANIZATIONNAME = sarinswift;
				TargetAttributes = {
					04B8115D21B746DF0014DE8F = {
						CreatedOnToolsVersion = 10.0;
					};
					04B8116921B746E00014DE8F = {
						CreatedOnToolsVersion = 10.0;
					};
					04CA51AF2194EEF100D1144D = {
						CreatedOnToolsVersion = 10.0;
					};
				};
			};
			buildConfigurationList = 04CA51AB2194EEF100D1144D /* Build configuration list for PBXProject "moodTracker" */;
			compatibilityVersion = "Xcode 9.3";
			developmentRegion = en;
			hasScannedForEncodings = 0;
			knownRegions = (
				en,
				Base,
			);
			mainGroup = 04CA51A72194EEF100D1144D;
			productRefGroup = 04CA51B12194EEF100D1144D /* Products */;
			projectDirPath = "";
			projectRoot = "";
			targets = (
				04CA51AF2194EEF100D1144D /* moodTracker */,
				04B8115D21B746DF0014DE8F /* WatchMoodTracker */,
				04B8116921B746E00014DE8F /* WatchMoodTracker Extension */,
			);
		};
/* End PBXProject section */

/* Begin PBXResourcesBuildPhase section */
		04B8115C21B746DF0014DE8F /* Resources */ = {
			isa = PBXResourcesBuildPhase;
			buildActionMask = 2147483647;
			files = (
				04B8116421B746E00014DE8F /* Assets.xcassets in Resources */,
				04B8116221B746DF0014DE8F /* Interface.storyboard in Resources */,
			);
			runOnlyForDeploymentPostprocessing = 0;
		};
		04B8116821B746E00014DE8F /* Resources */ = {
			isa = PBXResourcesBuildPhase;
			buildActionMask = 2147483647;
			files = (
				04B8117421B746E10014DE8F /* Assets.xcassets in Resources */,
			);
			runOnlyForDeploymentPostprocessing = 0;
		};
		04CA51AE2194EEF100D1144D /* Resources */ = {
			isa = PBXResourcesBuildPhase;
			buildActionMask = 2147483647;
			files = (
				04CA51BE2194EEF200D1144D /* LaunchScreen.storyboard in Resources */,
				04CA51BB2194EEF200D1144D /* Assets.xcassets in Resources */,
				04CA51B92194EEF100D1144D /* Main.storyboard in Resources */,
			);
			runOnlyForDeploymentPostprocessing = 0;
		};
/* End PBXResourcesBuildPhase section */

/* Begin PBXSourcesBuildPhase section */
		04B8116621B746E00014DE8F /* Sources */ = {
			isa = PBXSourcesBuildPhase;
			buildActionMask = 2147483647;
			files = (
				04B8117221B746E00014DE8F /* ExtensionDelegate.swift in Sources */,
				04B8117021B746E00014DE8F /* InterfaceController.swift in Sources */,
				04B8118521B9D18C0014DE8F /* MoodEntry.swift in Sources */,
			);
			runOnlyForDeploymentPostprocessing = 0;
		};
		04CA51AC2194EEF100D1144D /* Sources */ = {
			isa = PBXSourcesBuildPhase;
			buildActionMask = 2147483647;
			files = (
				04DDE01621AE3CDA00D43B1A /* Date+String.swift in Sources */,
				04DDE01321AE335100D43B1A /* CalendarViewController.swift in Sources */,
				04CA51B62194EEF100D1144D /* ViewController.swift in Sources */,
				0455C643219B902100264F9C /* MoodDetailedViewController.swift in Sources */,
				04CA51B42194EEF100D1144D /* AppDelegate.swift in Sources */,
				04CA51C92194EF6400D1144D /* MoodEntry.swift in Sources */,
				04CA51CB2194FB6000D1144D /* MoodEntryTableViewCell.swift in Sources */,
				04B8118221B74BB00014DE8F /* MoodRow.swift in Sources */,
			);
			runOnlyForDeploymentPostprocessing = 0;
		};
/* End PBXSourcesBuildPhase section */

/* Begin PBXTargetDependency section */
		04B8116D21B746E00014DE8F /* PBXTargetDependency */ = {
			isa = PBXTargetDependency;
			target = 04B8116921B746E00014DE8F /* WatchMoodTracker Extension */;
			targetProxy = 04B8116C21B746E00014DE8F /* PBXContainerItemProxy */;
		};
		04B8117721B746E10014DE8F /* PBXTargetDependency */ = {
			isa = PBXTargetDependency;
			target = 04B8115D21B746DF0014DE8F /* WatchMoodTracker */;
			targetProxy = 04B8117621B746E10014DE8F /* PBXContainerItemProxy */;
		};
/* End PBXTargetDependency section */

/* Begin PBXVariantGroup section */
		04B8116021B746DF0014DE8F /* Interface.storyboard */ = {
			isa = PBXVariantGroup;
			children = (
				04B8116121B746DF0014DE8F /* Base */,
			);
			name = Interface.storyboard;
			sourceTree = "<group>";
		};
		04CA51B72194EEF100D1144D /* Main.storyboard */ = {
			isa = PBXVariantGroup;
			children = (
				04CA51B82194EEF100D1144D /* Base */,
			);
			name = Main.storyboard;
			sourceTree = "<group>";
		};
		04CA51BC2194EEF200D1144D /* LaunchScreen.storyboard */ = {
			isa = PBXVariantGroup;
			children = (
				04CA51BD2194EEF200D1144D /* Base */,
			);
			name = LaunchScreen.storyboard;
			sourceTree = "<group>";
		};
/* End PBXVariantGroup section */

/* Begin XCBuildConfiguration section */
		04B8117921B746E10014DE8F /* Debug */ = {
			isa = XCBuildConfiguration;
			buildSettings = {
				ALWAYS_EMBED_SWIFT_STANDARD_LIBRARIES = YES;
				ASSETCATALOG_COMPILER_APPICON_NAME = AppIcon;
				CODE_SIGN_STYLE = Automatic;
				DEVELOPMENT_TEAM = 7C5XTUX6GS;
				IBSC_MODULE = WatchMoodTracker_Extension;
				INFOPLIST_FILE = WatchMoodTracker/Info.plist;
				PRODUCT_BUNDLE_IDENTIFIER = com.sarin.moodTracker.watchkitapp;
				PRODUCT_NAME = "$(TARGET_NAME)";
				SDKROOT = watchos;
				SKIP_INSTALL = YES;
				SWIFT_VERSION = 4.2;
				TARGETED_DEVICE_FAMILY = 4;
				WATCHOS_DEPLOYMENT_TARGET = 5.0;
			};
			name = Debug;
		};
		04B8117A21B746E10014DE8F /* Release */ = {
			isa = XCBuildConfiguration;
			buildSettings = {
				ALWAYS_EMBED_SWIFT_STANDARD_LIBRARIES = YES;
				ASSETCATALOG_COMPILER_APPICON_NAME = AppIcon;
				CODE_SIGN_STYLE = Automatic;
				DEVELOPMENT_TEAM = 7C5XTUX6GS;
				IBSC_MODULE = WatchMoodTracker_Extension;
				INFOPLIST_FILE = WatchMoodTracker/Info.plist;
				PRODUCT_BUNDLE_IDENTIFIER = com.sarin.moodTracker.watchkitapp;
				PRODUCT_NAME = "$(TARGET_NAME)";
				SDKROOT = watchos;
				SKIP_INSTALL = YES;
				SWIFT_VERSION = 4.2;
				TARGETED_DEVICE_FAMILY = 4;
				WATCHOS_DEPLOYMENT_TARGET = 5.0;
			};
			name = Release;
		};
		04B8117B21B746E10014DE8F /* Debug */ = {
			isa = XCBuildConfiguration;
			buildSettings = {
				ASSETCATALOG_COMPILER_COMPLICATION_NAME = Complication;
				CODE_SIGN_STYLE = Automatic;
				DEVELOPMENT_TEAM = 7C5XTUX6GS;
				INFOPLIST_FILE = "WatchMoodTracker Extension/Info.plist";
				LD_RUNPATH_SEARCH_PATHS = (
					"$(inherited)",
					"@executable_path/Frameworks",
					"@executable_path/../../Frameworks",
				);
				PRODUCT_BUNDLE_IDENTIFIER = com.sarin.moodTracker.watchkitapp.watchkitextension;
				PRODUCT_NAME = "${TARGET_NAME}";
				SDKROOT = watchos;
				SKIP_INSTALL = YES;
				SWIFT_VERSION = 4.2;
				TARGETED_DEVICE_FAMILY = 4;
				WATCHOS_DEPLOYMENT_TARGET = 5.0;
			};
			name = Debug;
		};
		04B8117C21B746E10014DE8F /* Release */ = {
			isa = XCBuildConfiguration;
			buildSettings = {
				ASSETCATALOG_COMPILER_COMPLICATION_NAME = Complication;
				CODE_SIGN_STYLE = Automatic;
				DEVELOPMENT_TEAM = 7C5XTUX6GS;
				INFOPLIST_FILE = "WatchMoodTracker Extension/Info.plist";
				LD_RUNPATH_SEARCH_PATHS = (
					"$(inherited)",
					"@executable_path/Frameworks",
					"@executable_path/../../Frameworks",
				);
				PRODUCT_BUNDLE_IDENTIFIER = com.sarin.moodTracker.watchkitapp.watchkitextension;
				PRODUCT_NAME = "${TARGET_NAME}";
				SDKROOT = watchos;
				SKIP_INSTALL = YES;
				SWIFT_VERSION = 4.2;
				TARGETED_DEVICE_FAMILY = 4;
				WATCHOS_DEPLOYMENT_TARGET = 5.0;
			};
			name = Release;
		};
		04CA51C02194EEF200D1144D /* Debug */ = {
			isa = XCBuildConfiguration;
			buildSettings = {
				ALWAYS_SEARCH_USER_PATHS = NO;
				CLANG_ANALYZER_NONNULL = YES;
				CLANG_ANALYZER_NUMBER_OBJECT_CONVERSION = YES_AGGRESSIVE;
				CLANG_CXX_LANGUAGE_STANDARD = "gnu++14";
				CLANG_CXX_LIBRARY = "libc++";
				CLANG_ENABLE_MODULES = YES;
				CLANG_ENABLE_OBJC_ARC = YES;
				CLANG_ENABLE_OBJC_WEAK = YES;
				CLANG_WARN_BLOCK_CAPTURE_AUTORELEASING = YES;
				CLANG_WARN_BOOL_CONVERSION = YES;
				CLANG_WARN_COMMA = YES;
				CLANG_WARN_CONSTANT_CONVERSION = YES;
				CLANG_WARN_DEPRECATED_OBJC_IMPLEMENTATIONS = YES;
				CLANG_WARN_DIRECT_OBJC_ISA_USAGE = YES_ERROR;
				CLANG_WARN_DOCUMENTATION_COMMENTS = YES;
				CLANG_WARN_EMPTY_BODY = YES;
				CLANG_WARN_ENUM_CONVERSION = YES;
				CLANG_WARN_INFINITE_RECURSION = YES;
				CLANG_WARN_INT_CONVERSION = YES;
				CLANG_WARN_NON_LITERAL_NULL_CONVERSION = YES;
				CLANG_WARN_OBJC_IMPLICIT_RETAIN_SELF = YES;
				CLANG_WARN_OBJC_LITERAL_CONVERSION = YES;
				CLANG_WARN_OBJC_ROOT_CLASS = YES_ERROR;
				CLANG_WARN_RANGE_LOOP_ANALYSIS = YES;
				CLANG_WARN_STRICT_PROTOTYPES = YES;
				CLANG_WARN_SUSPICIOUS_MOVE = YES;
				CLANG_WARN_UNGUARDED_AVAILABILITY = YES_AGGRESSIVE;
				CLANG_WARN_UNREACHABLE_CODE = YES;
				CLANG_WARN__DUPLICATE_METHOD_MATCH = YES;
				CODE_SIGN_IDENTITY = "iPhone Developer";
				COPY_PHASE_STRIP = NO;
				DEBUG_INFORMATION_FORMAT = dwarf;
				ENABLE_STRICT_OBJC_MSGSEND = YES;
				ENABLE_TESTABILITY = YES;
				GCC_C_LANGUAGE_STANDARD = gnu11;
				GCC_DYNAMIC_NO_PIC = NO;
				GCC_NO_COMMON_BLOCKS = YES;
				GCC_OPTIMIZATION_LEVEL = 0;
				GCC_PREPROCESSOR_DEFINITIONS = (
					"DEBUG=1",
					"$(inherited)",
				);
				GCC_WARN_64_TO_32_BIT_CONVERSION = YES;
				GCC_WARN_ABOUT_RETURN_TYPE = YES_ERROR;
				GCC_WARN_UNDECLARED_SELECTOR = YES;
				GCC_WARN_UNINITIALIZED_AUTOS = YES_AGGRESSIVE;
				GCC_WARN_UNUSED_FUNCTION = YES;
				GCC_WARN_UNUSED_VARIABLE = YES;
				IPHONEOS_DEPLOYMENT_TARGET = 12.0;
				MTL_ENABLE_DEBUG_INFO = INCLUDE_SOURCE;
				MTL_FAST_MATH = YES;
				ONLY_ACTIVE_ARCH = YES;
				SDKROOT = iphoneos;
				SWIFT_ACTIVE_COMPILATION_CONDITIONS = DEBUG;
				SWIFT_OPTIMIZATION_LEVEL = "-Onone";
			};
			name = Debug;
		};
		04CA51C12194EEF200D1144D /* Release */ = {
			isa = XCBuildConfiguration;
			buildSettings = {
				ALWAYS_SEARCH_USER_PATHS = NO;
				CLANG_ANALYZER_NONNULL = YES;
				CLANG_ANALYZER_NUMBER_OBJECT_CONVERSION = YES_AGGRESSIVE;
				CLANG_CXX_LANGUAGE_STANDARD = "gnu++14";
				CLANG_CXX_LIBRARY = "libc++";
				CLANG_ENABLE_MODULES = YES;
				CLANG_ENABLE_OBJC_ARC = YES;
				CLANG_ENABLE_OBJC_WEAK = YES;
				CLANG_WARN_BLOCK_CAPTURE_AUTORELEASING = YES;
				CLANG_WARN_BOOL_CONVERSION = YES;
				CLANG_WARN_COMMA = YES;
				CLANG_WARN_CONSTANT_CONVERSION = YES;
				CLANG_WARN_DEPRECATED_OBJC_IMPLEMENTATIONS = YES;
				CLANG_WARN_DIRECT_OBJC_ISA_USAGE = YES_ERROR;
				CLANG_WARN_DOCUMENTATION_COMMENTS = YES;
				CLANG_WARN_EMPTY_BODY = YES;
				CLANG_WARN_ENUM_CONVERSION = YES;
				CLANG_WARN_INFINITE_RECURSION = YES;
				CLANG_WARN_INT_CONVERSION = YES;
				CLANG_WARN_NON_LITERAL_NULL_CONVERSION = YES;
				CLANG_WARN_OBJC_IMPLICIT_RETAIN_SELF = YES;
				CLANG_WARN_OBJC_LITERAL_CONVERSION = YES;
				CLANG_WARN_OBJC_ROOT_CLASS = YES_ERROR;
				CLANG_WARN_RANGE_LOOP_ANALYSIS = YES;
				CLANG_WARN_STRICT_PROTOTYPES = YES;
				CLANG_WARN_SUSPICIOUS_MOVE = YES;
				CLANG_WARN_UNGUARDED_AVAILABILITY = YES_AGGRESSIVE;
				CLANG_WARN_UNREACHABLE_CODE = YES;
				CLANG_WARN__DUPLICATE_METHOD_MATCH = YES;
				CODE_SIGN_IDENTITY = "iPhone Developer";
				COPY_PHASE_STRIP = NO;
				DEBUG_INFORMATION_FORMAT = "dwarf-with-dsym";
				ENABLE_NS_ASSERTIONS = NO;
				ENABLE_STRICT_OBJC_MSGSEND = YES;
				GCC_C_LANGUAGE_STANDARD = gnu11;
				GCC_NO_COMMON_BLOCKS = YES;
				GCC_WARN_64_TO_32_BIT_CONVERSION = YES;
				GCC_WARN_ABOUT_RETURN_TYPE = YES_ERROR;
				GCC_WARN_UNDECLARED_SELECTOR = YES;
				GCC_WARN_UNINITIALIZED_AUTOS = YES_AGGRESSIVE;
				GCC_WARN_UNUSED_FUNCTION = YES;
				GCC_WARN_UNUSED_VARIABLE = YES;
				IPHONEOS_DEPLOYMENT_TARGET = 12.0;
				MTL_ENABLE_DEBUG_INFO = NO;
				MTL_FAST_MATH = YES;
				SDKROOT = iphoneos;
				SWIFT_COMPILATION_MODE = wholemodule;
				SWIFT_OPTIMIZATION_LEVEL = "-O";
				VALIDATE_PRODUCT = YES;
			};
			name = Release;
		};
		04CA51C32194EEF200D1144D /* Debug */ = {
			isa = XCBuildConfiguration;
			buildSettings = {
				ASSETCATALOG_COMPILER_APPICON_NAME = AppIcon;
				CODE_SIGN_STYLE = Automatic;
				DEVELOPMENT_TEAM = 7C5XTUX6GS;
				INFOPLIST_FILE = moodTracker/Info.plist;
				LD_RUNPATH_SEARCH_PATHS = (
					"$(inherited)",
					"@executable_path/Frameworks",
				);
				PRODUCT_BUNDLE_IDENTIFIER = com.sarin.moodTracker;
				PRODUCT_NAME = "$(TARGET_NAME)";
				SWIFT_VERSION = 4.2;
				TARGETED_DEVICE_FAMILY = "1,2";
			};
			name = Debug;
		};
		04CA51C42194EEF200D1144D /* Release */ = {
			isa = XCBuildConfiguration;
			buildSettings = {
				ASSETCATALOG_COMPILER_APPICON_NAME = AppIcon;
				CODE_SIGN_STYLE = Automatic;
				DEVELOPMENT_TEAM = 7C5XTUX6GS;
				INFOPLIST_FILE = moodTracker/Info.plist;
				LD_RUNPATH_SEARCH_PATHS = (
					"$(inherited)",
					"@executable_path/Frameworks",
				);
				PRODUCT_BUNDLE_IDENTIFIER = com.sarin.moodTracker;
				PRODUCT_NAME = "$(TARGET_NAME)";
				SWIFT_VERSION = 4.2;
				TARGETED_DEVICE_FAMILY = "1,2";
			};
			name = Release;
		};
/* End XCBuildConfiguration section */

/* Begin XCConfigurationList section */
		04B8117D21B746E10014DE8F /* Build configuration list for PBXNativeTarget "WatchMoodTracker Extension" */ = {
			isa = XCConfigurationList;
			buildConfigurations = (
				04B8117B21B746E10014DE8F /* Debug */,
				04B8117C21B746E10014DE8F /* Release */,
			);
			defaultConfigurationIsVisible = 0;
			defaultConfigurationName = Release;
		};
		04B8117F21B746E10014DE8F /* Build configuration list for PBXNativeTarget "WatchMoodTracker" */ = {
			isa = XCConfigurationList;
			buildConfigurations = (
				04B8117921B746E10014DE8F /* Debug */,
				04B8117A21B746E10014DE8F /* Release */,
			);
			defaultConfigurationIsVisible = 0;
			defaultConfigurationName = Release;
		};
		04CA51AB2194EEF100D1144D /* Build configuration list for PBXProject "moodTracker" */ = {
			isa = XCConfigurationList;
			buildConfigurations = (
				04CA51C02194EEF200D1144D /* Debug */,
				04CA51C12194EEF200D1144D /* Release */,
			);
			defaultConfigurationIsVisible = 0;
			defaultConfigurationName = Release;
		};
		04CA51C22194EEF200D1144D /* Build configuration list for PBXNativeTarget "moodTracker" */ = {
			isa = XCConfigurationList;
			buildConfigurations = (
				04CA51C32194EEF200D1144D /* Debug */,
				04CA51C42194EEF200D1144D /* Release */,
			);
			defaultConfigurationIsVisible = 0;
			defaultConfigurationName = Release;
		};
/* End XCConfigurationList section */
	};
	rootObject = 04CA51A82194EEF100D1144D /* Project object */;
}
